
Microsoft Visual Studio Solution File, Format Version 12.00
# Visual Studio Version 17
VisualStudioVersion = 17.12.35707.178
MinimumVisualStudioVersion = 10.0.40219.1
Project("{FAE04EC0-301F-11D3-BF4B-00C04F79EFBC}") = "HilosCporrederos", "HilosCporrederos\HilosCporrederos.csproj", "{EFFEAAD8-4013-4D0A-BF64-CBB703823A57}"
EndProject
Project("{FAE04EC0-301F-11D3-BF4B-00C04F79EFBC}") = "Cafetería", "Cafetería\Cafetería.csproj", "{CAC68980-A653-4055-A732-A23BAF81AA10}"
EndProject
Global
	GlobalSection(SolutionConfigurationPlatforms) = preSolution
		Debug|Any CPU = Debug|Any CPU
		Release|Any CPU = Release|Any CPU
	EndGlobalSection
	GlobalSection(ProjectConfigurationPlatforms) = postSolution
		{EFFEAAD8-4013-4D0A-BF64-CBB703823A57}.Debug|Any CPU.ActiveCfg = Debug|Any CPU
		{EFFEAAD8-4013-4D0A-BF64-CBB703823A57}.Debug|Any CPU.Build.0 = Debug|Any CPU
		{EFFEAAD8-4013-4D0A-BF64-CBB703823A57}.Release|Any CPU.ActiveCfg = Release|Any CPU
		{EFFEAAD8-4013-4D0A-BF64-CBB703823A57}.Release|Any CPU.Build.0 = Release|Any CPU
		{CAC68980-A653-4055-A732-A23BAF81AA10}.Debug|Any CPU.ActiveCfg = Debug|Any CPU
		{CAC68980-A653-4055-A732-A23BAF81AA10}.Debug|Any CPU.Build.0 = Debug|Any CPU
		{CAC68980-A653-4055-A732-A23BAF81AA10}.Release|Any CPU.ActiveCfg = Release|Any CPU
		{CAC68980-A653-4055-A732-A23BAF81AA10}.Release|Any CPU.Build.0 = Release|Any CPU
	EndGlobalSection
	GlobalSection(SolutionProperties) = preSolution
		HideSolutionNode = FALSE
	EndGlobalSection
	GlobalSection(ExtensibilityGlobals) = postSolution
		SolutionGuid = {8784E3C0-9D70-4C3C-8006-2A6C632E005F}
	EndGlobalSection
EndGlobal
